
Microsoft Visual Studio Solution File, Format Version 12.00
# Visual Studio Version 16
VisualStudioVersion = 16.0.30717.126
MinimumVisualStudioVersion = 10.0.40219.1
Project("{FAE04EC0-301F-11D3-BF4B-00C04F79EFBC}") = "SDHub-NEW", "SDHub-NEW\SDHub-NEW.csproj", "{C2068A36-34C1-4DE6-AFDC-B3CFCE367A21}"
EndProject
Global
	GlobalSection(SolutionConfigurationPlatforms) = preSolution
		Debug|Any CPU = Debug|Any CPU
		Release|Any CPU = Release|Any CPU
	EndGlobalSection
	GlobalSection(ProjectConfigurationPlatforms) = postSolution
		{C2068A36-34C1-4DE6-AFDC-B3CFCE367A21}.Debug|Any CPU.ActiveCfg = Debug|Any CPU
		{C2068A36-34C1-4DE6-AFDC-B3CFCE367A21}.Debug|Any CPU.Build.0 = Debug|Any CPU
		{C2068A36-34C1-4DE6-AFDC-B3CFCE367A21}.Release|Any CPU.ActiveCfg = Release|Any CPU
		{C2068A36-34C1-4DE6-AFDC-B3CFCE367A21}.Release|Any CPU.Build.0 = Release|Any CPU
	EndGlobalSection
	GlobalSection(SolutionProperties) = preSolution
		HideSolutionNode = FALSE
	EndGlobalSection
	GlobalSection(ExtensibilityGlobals) = postSolution
		SolutionGuid = {3ECD63F2-B3B7-4CBD-9E1E-74208C1C2B63}
	EndGlobalSection
EndGlobal
